// !$*UTF8*$!
{
	archiveVersion = 1;
	classes = {
	};
	objectVersion = 56;
	objects = {

/* Begin PBXBuildFile section */
		064DF1502BEDC38700A3E260 /* LandmarksApp.swift in Sources */ = {isa = PBXBuildFile; fileRef = 064DF14F2BEDC38700A3E260 /* LandmarksApp.swift */; };
		064DF1522BEDC38700A3E260 /* ContentView.swift in Sources */ = {isa = PBXBuildFile; fileRef = 064DF1512BEDC38700A3E260 /* ContentView.swift */; };
		064DF1542BEDC38800A3E260 /* Assets.xcassets in Resources */ = {isa = PBXBuildFile; fileRef = 064DF1532BEDC38800A3E260 /* Assets.xcassets */; };
		064DF1572BEDC38800A3E260 /* Preview Assets.xcassets in Resources */ = {isa = PBXBuildFile; fileRef = 064DF1562BEDC38800A3E260 /* Preview Assets.xcassets */; };
		066D1B5A2BEDF7F500ACC1FE /* LandmarkList.swift in Sources */ = {isa = PBXBuildFile; fileRef = 066D1B592BEDF7F500ACC1FE /* LandmarkList.swift */; };
		066D1B5C2BEDFB0D00ACC1FE /* LandmarkDetail.swift in Sources */ = {isa = PBXBuildFile; fileRef = 066D1B5B2BEDFB0D00ACC1FE /* LandmarkDetail.swift */; };
		06C1466A2BEDC8A2002D9D7F /* landmarkData.json in Resources */ = {isa = PBXBuildFile; fileRef = 06C146692BEDC8A2002D9D7F /* landmarkData.json */; };
		06C1466C2BEDC926002D9D7F /* CircleImage.swift in Sources */ = {isa = PBXBuildFile; fileRef = 06C1466B2BEDC926002D9D7F /* CircleImage.swift */; };
		06C1466E2BEDE1F3002D9D7F /* MapView.swift in Sources */ = {isa = PBXBuildFile; fileRef = 06C1466D2BEDE1F3002D9D7F /* MapView.swift */; };
		06C146702BEDE71C002D9D7F /* Landmark.swift in Sources */ = {isa = PBXBuildFile; fileRef = 06C1466F2BEDE71C002D9D7F /* Landmark.swift */; };
		06C146722BEDEA2D002D9D7F /* ModelData.swift in Sources */ = {isa = PBXBuildFile; fileRef = 06C146712BEDEA2D002D9D7F /* ModelData.swift */; };
		06C146772BEDF2BE002D9D7F /* LandMarkRow.swift in Sources */ = {isa = PBXBuildFile; fileRef = 06C146762BEDF2BE002D9D7F /* LandMarkRow.swift */; };
/* End PBXBuildFile section */

/* Begin PBXFileReference section */
		064DF14C2BEDC38700A3E260 /* LandmarksApp.app */ = {isa = PBXFileReference; explicitFileType = wrapper.application; includeInIndex = 0; path = LandmarksApp.app; sourceTree = BUILT_PRODUCTS_DIR; };
		064DF14F2BEDC38700A3E260 /* LandmarksApp.swift */ = {isa = PBXFileReference; lastKnownFileType = sourcecode.swift; path = LandmarksApp.swift; sourceTree = "<group>"; };
		064DF1512BEDC38700A3E260 /* ContentView.swift */ = {isa = PBXFileReference; lastKnownFileType = sourcecode.swift; path = ContentView.swift; sourceTree = "<group>"; };
		064DF1532BEDC38800A3E260 /* Assets.xcassets */ = {isa = PBXFileReference; lastKnownFileType = folder.assetcatalog; path = Assets.xcassets; sourceTree = "<group>"; };
		064DF1562BEDC38800A3E260 /* Preview Assets.xcassets */ = {isa = PBXFileReference; lastKnownFileType = folder.assetcatalog; path = "Preview Assets.xcassets"; sourceTree = "<group>"; };
		066D1B592BEDF7F500ACC1FE /* LandmarkList.swift */ = {isa = PBXFileReference; lastKnownFileType = sourcecode.swift; path = LandmarkList.swift; sourceTree = "<group>"; };
		066D1B5B2BEDFB0D00ACC1FE /* LandmarkDetail.swift */ = {isa = PBXFileReference; lastKnownFileType = sourcecode.swift; path = LandmarkDetail.swift; sourceTree = "<group>"; };
		06C146692BEDC8A2002D9D7F /* landmarkData.json */ = {isa = PBXFileReference; fileEncoding = 4; lastKnownFileType = text.json; path = landmarkData.json; sourceTree = "<group>"; };
		06C1466B2BEDC926002D9D7F /* CircleImage.swift */ = {isa = PBXFileReference; lastKnownFileType = sourcecode.swift; path = CircleImage.swift; sourceTree = "<group>"; };
		06C1466D2BEDE1F3002D9D7F /* MapView.swift */ = {isa = PBXFileReference; lastKnownFileType = sourcecode.swift; path = MapView.swift; sourceTree = "<group>"; };
		06C1466F2BEDE71C002D9D7F /* Landmark.swift */ = {isa = PBXFileReference; lastKnownFileType = sourcecode.swift; path = Landmark.swift; sourceTree = "<group>"; };
		06C146712BEDEA2D002D9D7F /* ModelData.swift */ = {isa = PBXFileReference; lastKnownFileType = sourcecode.swift; path = ModelData.swift; sourceTree = "<group>"; };
		06C146762BEDF2BE002D9D7F /* LandMarkRow.swift */ = {isa = PBXFileReference; lastKnownFileType = sourcecode.swift; path = LandMarkRow.swift; sourceTree = "<group>"; };
/* End PBXFileReference section */

/* Begin PBXFrameworksBuildPhase section */
		064DF1492BEDC38700A3E260 /* Frameworks */ = {
			isa = PBXFrameworksBuildPhase;
			buildActionMask = 2147483647;
			files = (
			);
			runOnlyForDeploymentPostprocessing = 0;
		};
/* End PBXFrameworksBuildPhase section */

/* Begin PBXGroup section */
		064DF1432BEDC38700A3E260 = {
			isa = PBXGroup;
			children = (
				064DF14E2BEDC38700A3E260 /* LandmarksApp */,
				064DF14D2BEDC38700A3E260 /* Products */,
			);
			sourceTree = "<group>";
		};
		064DF14D2BEDC38700A3E260 /* Products */ = {
			isa = PBXGroup;
			children = (
				064DF14C2BEDC38700A3E260 /* LandmarksApp.app */,
			);
			name = Products;
			sourceTree = "<group>";
		};
		064DF14E2BEDC38700A3E260 /* LandmarksApp */ = {
			isa = PBXGroup;
			children = (
				064DF14F2BEDC38700A3E260 /* LandmarksApp.swift */,
				064DF1552BEDC38800A3E260 /* Preview Content */,
				064DF1532BEDC38800A3E260 /* Assets.xcassets */,
				06C146732BEDF1FF002D9D7F /* Views */,
				06C146742BEDF208002D9D7F /* Model */,
				06C146752BEDF20F002D9D7F /* Resources */,
			);
			path = LandmarksApp;
			sourceTree = "<group>";
		};
		064DF1552BEDC38800A3E260 /* Preview Content */ = {
			isa = PBXGroup;
			children = (
				064DF1562BEDC38800A3E260 /* Preview Assets.xcassets */,
			);
			path = "Preview Content";
			sourceTree = "<group>";
		};
		06C146732BEDF1FF002D9D7F /* Views */ = {
			isa = PBXGroup;
			children = (
				06C1466D2BEDE1F3002D9D7F /* MapView.swift */,
				06C1466B2BEDC926002D9D7F /* CircleImage.swift */,
				064DF1512BEDC38700A3E260 /* ContentView.swift */,
				066D1B5B2BEDFB0D00ACC1FE /* LandmarkDetail.swift */,
				06C146762BEDF2BE002D9D7F /* LandMarkRow.swift */,
				066D1B592BEDF7F500ACC1FE /* LandmarkList.swift */,
			);
			path = Views;
			sourceTree = "<group>";
		};
		06C146742BEDF208002D9D7F /* Model */ = {
			isa = PBXGroup;
			children = (
				06C1466F2BEDE71C002D9D7F /* Landmark.swift */,
				06C146712BEDEA2D002D9D7F /* ModelData.swift */,
			);
			path = Model;
			sourceTree = "<group>";
		};
		06C146752BEDF20F002D9D7F /* Resources */ = {
			isa = PBXGroup;
			children = (
				06C146692BEDC8A2002D9D7F /* landmarkData.json */,
			);
			path = Resources;
			sourceTree = "<group>";
		};
/* End PBXGroup section */

/* Begin PBXNativeTarget section */
		064DF14B2BEDC38700A3E260 /* LandmarksApp */ = {
			isa = PBXNativeTarget;
			buildConfigurationList = 064DF15A2BEDC38800A3E260 /* Build configuration list for PBXNativeTarget "LandmarksApp" */;
			buildPhases = (
				064DF1482BEDC38700A3E260 /* Sources */,
				064DF1492BEDC38700A3E260 /* Frameworks */,
				064DF14A2BEDC38700A3E260 /* Resources */,
			);
			buildRules = (
			);
			dependencies = (
			);
			name = LandmarksApp;
			productName = LandmarksApp;
			productReference = 064DF14C2BEDC38700A3E260 /* LandmarksApp.app */;
			productType = "com.apple.product-type.application";
		};
/* End PBXNativeTarget section */

/* Begin PBXProject section */
		064DF1442BEDC38700A3E260 /* Project object */ = {
			isa = PBXProject;
			attributes = {
				BuildIndependentTargetsInParallel = 1;
				LastSwiftUpdateCheck = 1530;
				LastUpgradeCheck = 1530;
				TargetAttributes = {
					064DF14B2BEDC38700A3E260 = {
						CreatedOnToolsVersion = 15.3;
					};
				};
			};
			buildConfigurationList = 064DF1472BEDC38700A3E260 /* Build configuration list for PBXProject "LandmarksApp" */;
			compatibilityVersion = "Xcode 14.0";
			developmentRegion = en;
			hasScannedForEncodings = 0;
			knownRegions = (
				en,
				Base,
			);
			mainGroup = 064DF1432BEDC38700A3E260;
			productRefGroup = 064DF14D2BEDC38700A3E260 /* Products */;
			projectDirPath = "";
			projectRoot = "";
			targets = (
				064DF14B2BEDC38700A3E260 /* LandmarksApp */,
			);
		};
/* End PBXProject section */

/* Begin PBXResourcesBuildPhase section */
		064DF14A2BEDC38700A3E260 /* Resources */ = {
			isa = PBXResourcesBuildPhase;
			buildActionMask = 2147483647;
			files = (
				064DF1572BEDC38800A3E260 /* Preview Assets.xcassets in Resources */,
				06C1466A2BEDC8A2002D9D7F /* landmarkData.json in Resources */,
				064DF1542BEDC38800A3E260 /* Assets.xcassets in Resources */,
			);
			runOnlyForDeploymentPostprocessing = 0;
		};
/* End PBXResourcesBuildPhase section */

/* Begin PBXSourcesBuildPhase section */
		064DF1482BEDC38700A3E260 /* Sources */ = {
			isa = PBXSourcesBuildPhase;
			buildActionMask = 2147483647;
			files = (
				064DF1522BEDC38700A3E260 /* ContentView.swift in Sources */,
				06C146772BEDF2BE002D9D7F /* LandMarkRow.swift in Sources */,
				06C1466E2BEDE1F3002D9D7F /* MapView.swift in Sources */,
				066D1B5A2BEDF7F500ACC1FE /* LandmarkList.swift in Sources */,
				066D1B5C2BEDFB0D00ACC1FE /* LandmarkDetail.swift in Sources */,
				064DF1502BEDC38700A3E260 /* LandmarksApp.swift in Sources */,
				06C1466C2BEDC926002D9D7F /* CircleImage.swift in Sources */,
				06C146702BEDE71C002D9D7F /* Landmark.swift in Sources */,
				06C146722BEDEA2D002D9D7F /* ModelData.swift in Sources */,
			);
			runOnlyForDeploymentPostprocessing = 0;
		};
/* End PBXSourcesBuildPhase section */

/* Begin XCBuildConfiguration section */
		064DF1582BEDC38800A3E260 /* Debug */ = {
			isa = XCBuildConfiguration;
			buildSettings = {
				ALWAYS_SEARCH_USER_PATHS = NO;
				ASSETCATALOG_COMPILER_GENERATE_SWIFT_ASSET_SYMBOL_EXTENSIONS = YES;
				CLANG_ANALYZER_NONNULL = YES;
				CLANG_ANALYZER_NUMBER_OBJECT_CONVERSION = YES_AGGRESSIVE;
				CLANG_CXX_LANGUAGE_STANDARD = "gnu++20";
				CLANG_ENABLE_MODULES = YES;
				CLANG_ENABLE_OBJC_ARC = YES;
				CLANG_ENABLE_OBJC_WEAK = YES;
				CLANG_WARN_BLOCK_CAPTURE_AUTORELEASING = YES;
				CLANG_WARN_BOOL_CONVERSION = YES;
				CLANG_WARN_COMMA = YES;
				CLANG_WARN_CONSTANT_CONVERSION = YES;
				CLANG_WARN_DEPRECATED_OBJC_IMPLEMENTATIONS = YES;
				CLANG_WARN_DIRECT_OBJC_ISA_USAGE = YES_ERROR;
				CLANG_WARN_DOCUMENTATION_COMMENTS = YES;
				CLANG_WARN_EMPTY_BODY = YES;
				CLANG_WARN_ENUM_CONVERSION = YES;
				CLANG_WARN_INFINITE_RECURSION = YES;
				CLANG_WARN_INT_CONVERSION = YES;
				CLANG_WARN_NON_LITERAL_NULL_CONVERSION = YES;
				CLANG_WARN_OBJC_IMPLICIT_RETAIN_SELF = YES;
				CLANG_WARN_OBJC_LITERAL_CONVERSION = YES;
				CLANG_WARN_OBJC_ROOT_CLASS = YES_ERROR;
				CLANG_WARN_QUOTED_INCLUDE_IN_FRAMEWORK_HEADER = YES;
				CLANG_WARN_RANGE_LOOP_ANALYSIS = YES;
				CLANG_WARN_STRICT_PROTOTYPES = YES;
				CLANG_WARN_SUSPICIOUS_MOVE = YES;
				CLANG_WARN_UNGUARDED_AVAILABILITY = YES_AGGRESSIVE;
				CLANG_WARN_UNREACHABLE_CODE = YES;
				CLANG_WARN__DUPLICATE_METHOD_MATCH = YES;
				COPY_PHASE_STRIP = NO;
				DEBUG_INFORMATION_FORMAT = dwarf;
				ENABLE_STRICT_OBJC_MSGSEND = YES;
				ENABLE_TESTABILITY = YES;
				ENABLE_USER_SCRIPT_SANDBOXING = YES;
				GCC_C_LANGUAGE_STANDARD = gnu17;
				GCC_DYNAMIC_NO_PIC = NO;
				GCC_NO_COMMON_BLOCKS = YES;
				GCC_OPTIMIZATION_LEVEL = 0;
				GCC_PREPROCESSOR_DEFINITIONS = (
					"DEBUG=1",
					"$(inherited)",
				);
				GCC_WARN_64_TO_32_BIT_CONVERSION = YES;
				GCC_WARN_ABOUT_RETURN_TYPE = YES_ERROR;
				GCC_WARN_UNDECLARED_SELECTOR = YES;
				GCC_WARN_UNINITIALIZED_AUTOS = YES_AGGRESSIVE;
				GCC_WARN_UNUSED_FUNCTION = YES;
				GCC_WARN_UNUSED_VARIABLE = YES;
				IPHONEOS_DEPLOYMENT_TARGET = 17.4;
				LOCALIZATION_PREFERS_STRING_CATALOGS = YES;
				MTL_ENABLE_DEBUG_INFO = INCLUDE_SOURCE;
				MTL_FAST_MATH = YES;
				ONLY_ACTIVE_ARCH = YES;
				SDKROOT = iphoneos;
				SWIFT_ACTIVE_COMPILATION_CONDITIONS = "DEBUG $(inherited)";
				SWIFT_OPTIMIZATION_LEVEL = "-Onone";
			};
			name = Debug;
		};
		064DF1592BEDC38800A3E260 /* Release */ = {
			isa = XCBuildConfiguration;
			buildSettings = {
				ALWAYS_SEARCH_USER_PATHS = NO;
				ASSETCATALOG_COMPILER_GENERATE_SWIFT_ASSET_SYMBOL_EXTENSIONS = YES;
				CLANG_ANALYZER_NONNULL = YES;
				CLANG_ANALYZER_NUMBER_OBJECT_CONVERSION = YES_AGGRESSIVE;
				CLANG_CXX_LANGUAGE_STANDARD = "gnu++20";
				CLANG_ENABLE_MODULES = YES;
				CLANG_ENABLE_OBJC_ARC = YES;
				CLANG_ENABLE_OBJC_WEAK = YES;
				CLANG_WARN_BLOCK_CAPTURE_AUTORELEASING = YES;
				CLANG_WARN_BOOL_CONVERSION = YES;
				CLANG_WARN_COMMA = YES;
				CLANG_WARN_CONSTANT_CONVERSION = YES;
				CLANG_WARN_DEPRECATED_OBJC_IMPLEMENTATIONS = YES;
				CLANG_WARN_DIRECT_OBJC_ISA_USAGE = YES_ERROR;
				CLANG_WARN_DOCUMENTATION_COMMENTS = YES;
				CLANG_WARN_EMPTY_BODY = YES;
				CLANG_WARN_ENUM_CONVERSION = YES;
				CLANG_WARN_INFINITE_RECURSION = YES;
				CLANG_WARN_INT_CONVERSION = YES;
				CLANG_WARN_NON_LITERAL_NULL_CONVERSION = YES;
				CLANG_WARN_OBJC_IMPLICIT_RETAIN_SELF = YES;
				CLANG_WARN_OBJC_LITERAL_CONVERSION = YES;
				CLANG_WARN_OBJC_ROOT_CLASS = YES_ERROR;
				CLANG_WARN_QUOTED_INCLUDE_IN_FRAMEWORK_HEADER = YES;
				CLANG_WARN_RANGE_LOOP_ANALYSIS = YES;
				CLANG_WARN_STRICT_PROTOTYPES = YES;
				CLANG_WARN_SUSPICIOUS_MOVE = YES;
				CLANG_WARN_UNGUARDED_AVAILABILITY = YES_AGGRESSIVE;
				CLANG_WARN_UNREACHABLE_CODE = YES;
				CLANG_WARN__DUPLICATE_METHOD_MATCH = YES;
				COPY_PHASE_STRIP = NO;
				DEBUG_INFORMATION_FORMAT = "dwarf-with-dsym";
				ENABLE_NS_ASSERTIONS = NO;
				ENABLE_STRICT_OBJC_MSGSEND = YES;
				ENABLE_USER_SCRIPT_SANDBOXING = YES;
				GCC_C_LANGUAGE_STANDARD = gnu17;
				GCC_NO_COMMON_BLOCKS = YES;
				GCC_WARN_64_TO_32_BIT_CONVERSION = YES;
				GCC_WARN_ABOUT_RETURN_TYPE = YES_ERROR;
				GCC_WARN_UNDECLARED_SELECTOR = YES;
				GCC_WARN_UNINITIALIZED_AUTOS = YES_AGGRESSIVE;
				GCC_WARN_UNUSED_FUNCTION = YES;
				GCC_WARN_UNUSED_VARIABLE = YES;
				IPHONEOS_DEPLOYMENT_TARGET = 17.4;
				LOCALIZATION_PREFERS_STRING_CATALOGS = YES;
				MTL_ENABLE_DEBUG_INFO = NO;
				MTL_FAST_MATH = YES;
				SDKROOT = iphoneos;
				SWIFT_COMPILATION_MODE = wholemodule;
				VALIDATE_PRODUCT = YES;
			};
			name = Release;
		};
		064DF15B2BEDC38800A3E260 /* Debug */ = {
			isa = XCBuildConfiguration;
			buildSettings = {
				ASSETCATALOG_COMPILER_APPICON_NAME = AppIcon;
				ASSETCATALOG_COMPILER_GLOBAL_ACCENT_COLOR_NAME = AccentColor;
				CODE_SIGN_STYLE = Automatic;
				CURRENT_PROJECT_VERSION = 1;
				DEVELOPMENT_ASSET_PATHS = "\"LandmarksApp/Preview Content\"";
				ENABLE_PREVIEWS = YES;
				GENERATE_INFOPLIST_FILE = YES;
				INFOPLIST_KEY_UIApplicationSceneManifest_Generation = YES;
				INFOPLIST_KEY_UIApplicationSupportsIndirectInputEvents = YES;
				INFOPLIST_KEY_UILaunchScreen_Generation = YES;
				INFOPLIST_KEY_UISupportedInterfaceOrientations_iPad = "UIInterfaceOrientationPortrait UIInterfaceOrientationPortraitUpsideDown UIInterfaceOrientationLandscapeLeft UIInterfaceOrientationLandscapeRight";
				INFOPLIST_KEY_UISupportedInterfaceOrientations_iPhone = "UIInterfaceOrientationPortrait UIInterfaceOrientationLandscapeLeft UIInterfaceOrientationLandscapeRight";
				LD_RUNPATH_SEARCH_PATHS = (
					"$(inherited)",
					"@executable_path/Frameworks",
				);
				MARKETING_VERSION = 1.0;
				PRODUCT_BUNDLE_IDENTIFIER = com.helloWorld.LandmarksApp;
				PRODUCT_NAME = "$(TARGET_NAME)";
				SWIFT_EMIT_LOC_STRINGS = YES;
				SWIFT_VERSION = 5.0;
				TARGETED_DEVICE_FAMILY = "1,2";
			};
			name = Debug;
		};
		064DF15C2BEDC38800A3E260 /* Release */ = {
			isa = XCBuildConfiguration;
			buildSettings = {
				ASSETCATALOG_COMPILER_APPICON_NAME = AppIcon;
				ASSETCATALOG_COMPILER_GLOBAL_ACCENT_COLOR_NAME = AccentColor;
				CODE_SIGN_STYLE = Automatic;
				CURRENT_PROJECT_VERSION = 1;
				DEVELOPMENT_ASSET_PATHS = "\"LandmarksApp/Preview Content\"";
				ENABLE_PREVIEWS = YES;
				GENERATE_INFOPLIST_FILE = YES;
				INFOPLIST_KEY_UIApplicationSceneManifest_Generation = YES;
				INFOPLIST_KEY_UIApplicationSupportsIndirectInputEvents = YES;
				INFOPLIST_KEY_UILaunchScreen_Generation = YES;
				INFOPLIST_KEY_UISupportedInterfaceOrientations_iPad = "UIInterfaceOrientationPortrait UIInterfaceOrientationPortraitUpsideDown UIInterfaceOrientationLandscapeLeft UIInterfaceOrientationLandscapeRight";
				INFOPLIST_KEY_UISupportedInterfaceOrientations_iPhone = "UIInterfaceOrientationPortrait UIInterfaceOrientationLandscapeLeft UIInterfaceOrientationLandscapeRight";
				LD_RUNPATH_SEARCH_PATHS = (
					"$(inherited)",
					"@executable_path/Frameworks",
				);
				MARKETING_VERSION = 1.0;
				PRODUCT_BUNDLE_IDENTIFIER = com.helloWorld.LandmarksApp;
				PRODUCT_NAME = "$(TARGET_NAME)";
				SWIFT_EMIT_LOC_STRINGS = YES;
				SWIFT_VERSION = 5.0;
				TARGETED_DEVICE_FAMILY = "1,2";
			};
			name = Release;
		};
/* End XCBuildConfiguration section */

/* Begin XCConfigurationList section */
		064DF1472BEDC38700A3E260 /* Build configuration list for PBXProject "LandmarksApp" */ = {
			isa = XCConfigurationList;
			buildConfigurations = (
				064DF1582BEDC38800A3E260 /* Debug */,
				064DF1592BEDC38800A3E260 /* Release */,
			);
			defaultConfigurationIsVisible = 0;
			defaultConfigurationName = Release;
		};
		064DF15A2BEDC38800A3E260 /* Build configuration list for PBXNativeTarget "LandmarksApp" */ = {
			isa = XCConfigurationList;
			buildConfigurations = (
				064DF15B2BEDC38800A3E260 /* Debug */,
				064DF15C2BEDC38800A3E260 /* Release */,
			);
			defaultConfigurationIsVisible = 0;
			defaultConfigurationName = Release;
		};
/* End XCConfigurationList section */
	};
	rootObject = 064DF1442BEDC38700A3E260 /* Project object */;
}
